// !$*UTF8*$!
{
	archiveVersion = 1;
	classes = {
	};
	objectVersion = 50;
	objects = {

/* Begin PBXBuildFile section */
		777FBC27245C768300F31FE5 /* AppDelegate.swift in Sources */ = {isa = PBXBuildFile; fileRef = 777FBC26245C768300F31FE5 /* AppDelegate.swift */; };
		777FBC29245C768300F31FE5 /* SceneDelegate.swift in Sources */ = {isa = PBXBuildFile; fileRef = 777FBC28245C768300F31FE5 /* SceneDelegate.swift */; };
		777FBC2B245C768300F31FE5 /* ViewController.swift in Sources */ = {isa = PBXBuildFile; fileRef = 777FBC2A245C768300F31FE5 /* ViewController.swift */; };
		777FBC2E245C768300F31FE5 /* Main.storyboard in Resources */ = {isa = PBXBuildFile; fileRef = 777FBC2C245C768300F31FE5 /* Main.storyboard */; };
		777FBC30245C768400F31FE5 /* Assets.xcassets in Resources */ = {isa = PBXBuildFile; fileRef = 777FBC2F245C768400F31FE5 /* Assets.xcassets */; };
		777FBC33245C768400F31FE5 /* LaunchScreen.storyboard in Resources */ = {isa = PBXBuildFile; fileRef = 777FBC31245C768400F31FE5 /* LaunchScreen.storyboard */; };
		777FBC3D245C7AFD00F31FE5 /* secondViewController.swift in Sources */ = {isa = PBXBuildFile; fileRef = 777FBC3C245C7AFD00F31FE5 /* secondViewController.swift */; };
		777FBC3F245C8ABC00F31FE5 /* TableViewCell.swift in Sources */ = {isa = PBXBuildFile; fileRef = 777FBC3E245C8ABC00F31FE5 /* TableViewCell.swift */; };
		777FBC43245C9B1700F31FE5 /* TableViewCell2.swift in Sources */ = {isa = PBXBuildFile; fileRef = 777FBC42245C9B1600F31FE5 /* TableViewCell2.swift */; };
/* End PBXBuildFile section */

/* Begin PBXFileReference section */
		777FBC23245C768300F31FE5 /* davaleba13.app */ = {isa = PBXFileReference; explicitFileType = wrapper.application; includeInIndex = 0; path = davaleba13.app; sourceTree = BUILT_PRODUCTS_DIR; };
		777FBC26245C768300F31FE5 /* AppDelegate.swift */ = {isa = PBXFileReference; lastKnownFileType = sourcecode.swift; path = AppDelegate.swift; sourceTree = "<group>"; };
		777FBC28245C768300F31FE5 /* SceneDelegate.swift */ = {isa = PBXFileReference; lastKnownFileType = sourcecode.swift; path = SceneDelegate.swift; sourceTree = "<group>"; };
		777FBC2A245C768300F31FE5 /* ViewController.swift */ = {isa = PBXFileReference; lastKnownFileType = sourcecode.swift; path = ViewController.swift; sourceTree = "<group>"; };
		777FBC2D245C768300F31FE5 /* Base */ = {isa = PBXFileReference; lastKnownFileType = file.storyboard; name = Base; path = Base.lproj/Main.storyboard; sourceTree = "<group>"; };
		777FBC2F245C768400F31FE5 /* Assets.xcassets */ = {isa = PBXFileReference; lastKnownFileType = folder.assetcatalog; path = Assets.xcassets; sourceTree = "<group>"; };
		777FBC32245C768400F31FE5 /* Base */ = {isa = PBXFileReference; lastKnownFileType = file.storyboard; name = Base; path = Base.lproj/LaunchScreen.storyboard; sourceTree = "<group>"; };
		777FBC34245C768400F31FE5 /* Info.plist */ = {isa = PBXFileReference; lastKnownFileType = text.plist.xml; path = Info.plist; sourceTree = "<group>"; };
		777FBC3C245C7AFD00F31FE5 /* secondViewController.swift */ = {isa = PBXFileReference; lastKnownFileType = sourcecode.swift; path = secondViewController.swift; sourceTree = "<group>"; };
		777FBC3E245C8ABC00F31FE5 /* TableViewCell.swift */ = {isa = PBXFileReference; lastKnownFileType = sourcecode.swift; path = TableViewCell.swift; sourceTree = "<group>"; };
		777FBC42245C9B1600F31FE5 /* TableViewCell2.swift */ = {isa = PBXFileReference; lastKnownFileType = sourcecode.swift; path = TableViewCell2.swift; sourceTree = "<group>"; };
/* End PBXFileReference section */

/* Begin PBXFrameworksBuildPhase section */
		777FBC20245C768300F31FE5 /* Frameworks */ = {
			isa = PBXFrameworksBuildPhase;
			buildActionMask = 2147483647;
			files = (
			);
			runOnlyForDeploymentPostprocessing = 0;
		};
/* End PBXFrameworksBuildPhase section */

/* Begin PBXGroup section */
		777FBC1A245C768300F31FE5 = {
			isa = PBXGroup;
			children = (
				777FBC25245C768300F31FE5 /* davaleba13 */,
				777FBC24245C768300F31FE5 /* Products */,
			);
			sourceTree = "<group>";
		};
		777FBC24245C768300F31FE5 /* Products */ = {
			isa = PBXGroup;
			children = (
				777FBC23245C768300F31FE5 /* davaleba13.app */,
			);
			name = Products;
			sourceTree = "<group>";
		};
		777FBC25245C768300F31FE5 /* davaleba13 */ = {
			isa = PBXGroup;
			children = (
				777FBC26245C768300F31FE5 /* AppDelegate.swift */,
				777FBC28245C768300F31FE5 /* SceneDelegate.swift */,
				777FBC2A245C768300F31FE5 /* ViewController.swift */,
				777FBC2C245C768300F31FE5 /* Main.storyboard */,
				777FBC2F245C768400F31FE5 /* Assets.xcassets */,
				777FBC31245C768400F31FE5 /* LaunchScreen.storyboard */,
				777FBC34245C768400F31FE5 /* Info.plist */,
				777FBC3C245C7AFD00F31FE5 /* secondViewController.swift */,
				777FBC3E245C8ABC00F31FE5 /* TableViewCell.swift */,
				777FBC42245C9B1600F31FE5 /* TableViewCell2.swift */,
			);
			path = davaleba13;
			sourceTree = "<group>";
		};
/* End PBXGroup section */

/* Begin PBXNativeTarget section */
		777FBC22245C768300F31FE5 /* davaleba13 */ = {
			isa = PBXNativeTarget;
			buildConfigurationList = 777FBC37245C768400F31FE5 /* Build configuration list for PBXNativeTarget "davaleba13" */;
			buildPhases = (
				777FBC1F245C768300F31FE5 /* Sources */,
				777FBC20245C768300F31FE5 /* Frameworks */,
				777FBC21245C768300F31FE5 /* Resources */,
			);
			buildRules = (
			);
			dependencies = (
			);
			name = davaleba13;
			productName = davaleba13;
			productReference = 777FBC23245C768300F31FE5 /* davaleba13.app */;
			productType = "com.apple.product-type.application";
		};
/* End PBXNativeTarget section */

/* Begin PBXProject section */
		777FBC1B245C768300F31FE5 /* Project object */ = {
			isa = PBXProject;
			attributes = {
				LastSwiftUpdateCheck = 1140;
				LastUpgradeCheck = 1140;
				ORGANIZATIONNAME = Tbc;
				TargetAttributes = {
					777FBC22245C768300F31FE5 = {
						CreatedOnToolsVersion = 11.4.1;
					};
				};
			};
			buildConfigurationList = 777FBC1E245C768300F31FE5 /* Build configuration list for PBXProject "davaleba13" */;
			compatibilityVersion = "Xcode 9.3";
			developmentRegion = en;
			hasScannedForEncodings = 0;
			knownRegions = (
				en,
				Base,
			);
			mainGroup = 777FBC1A245C768300F31FE5;
			productRefGroup = 777FBC24245C768300F31FE5 /* Products */;
			projectDirPath = "";
			projectRoot = "";
			targets = (
				777FBC22245C768300F31FE5 /* davaleba13 */,
			);
		};
/* End PBXProject section */

/* Begin PBXResourcesBuildPhase section */
		777FBC21245C768300F31FE5 /* Resources */ = {
			isa = PBXResourcesBuildPhase;
			buildActionMask = 2147483647;
			files = (
				777FBC33245C768400F31FE5 /* LaunchScreen.storyboard in Resources */,
				777FBC30245C768400F31FE5 /* Assets.xcassets in Resources */,
				777FBC2E245C768300F31FE5 /* Main.storyboard in Resources */,
			);
			runOnlyForDeploymentPostprocessing = 0;
		};
/* End PBXResourcesBuildPhase section */

/* Begin PBXSourcesBuildPhase section */
		777FBC1F245C768300F31FE5 /* Sources */ = {
			isa = PBXSourcesBuildPhase;
			buildActionMask = 2147483647;
			files = (
				777FBC43245C9B1700F31FE5 /* TableViewCell2.swift in Sources */,
				777FBC3F245C8ABC00F31FE5 /* TableViewCell.swift in Sources */,
				777FBC3D245C7AFD00F31FE5 /* secondViewController.swift in Sources */,
				777FBC2B245C768300F31FE5 /* ViewController.swift in Sources */,
				777FBC27245C768300F31FE5 /* AppDelegate.swift in Sources */,
				777FBC29245C768300F31FE5 /* SceneDelegate.swift in Sources */,
			);
			runOnlyForDeploymentPostprocessing = 0;
		};
/* End PBXSourcesBuildPhase section */

/* Begin PBXVariantGroup section */
		777FBC2C245C768300F31FE5 /* Main.storyboard */ = {
			isa = PBXVariantGroup;
			children = (
				777FBC2D245C768300F31FE5 /* Base */,
			);
			name = Main.storyboard;
			sourceTree = "<group>";
		};
		777FBC31245C768400F31FE5 /* LaunchScreen.storyboard */ = {
			isa = PBXVariantGroup;
			children = (
				777FBC32245C768400F31FE5 /* Base */,
			);
			name = LaunchScreen.storyboard;
			sourceTree = "<group>";
		};
/* End PBXVariantGroup section */

/* Begin XCBuildConfiguration section */
		777FBC35245C768400F31FE5 /* Debug */ = {
			isa = XCBuildConfiguration;
			buildSettings = {
				ALWAYS_SEARCH_USER_PATHS = NO;
				CLANG_ANALYZER_NONNULL = YES;
				CLANG_ANALYZER_NUMBER_OBJECT_CONVERSION = YES_AGGRESSIVE;
				CLANG_CXX_LANGUAGE_STANDARD = "gnu++14";
				CLANG_CXX_LIBRARY = "libc++";
				CLANG_ENABLE_MODULES = YES;
				CLANG_ENABLE_OBJC_ARC = YES;
				CLANG_ENABLE_OBJC_WEAK = YES;
				CLANG_WARN_BLOCK_CAPTURE_AUTORELEASING = YES;
				CLANG_WARN_BOOL_CONVERSION = YES;
				CLANG_WARN_COMMA = YES;
				CLANG_WARN_CONSTANT_CONVERSION = YES;
				CLANG_WARN_DEPRECATED_OBJC_IMPLEMENTATIONS = YES;
				CLANG_WARN_DIRECT_OBJC_ISA_USAGE = YES_ERROR;
				CLANG_WARN_DOCUMENTATION_COMMENTS = YES;
				CLANG_WARN_EMPTY_BODY = YES;
				CLANG_WARN_ENUM_CONVERSION = YES;
				CLANG_WARN_INFINITE_RECURSION = YES;
				CLANG_WARN_INT_CONVERSION = YES;
				CLANG_WARN_NON_LITERAL_NULL_CONVERSION = YES;
				CLANG_WARN_OBJC_IMPLICIT_RETAIN_SELF = YES;
				CLANG_WARN_OBJC_LITERAL_CONVERSION = YES;
				CLANG_WARN_OBJC_ROOT_CLASS = YES_ERROR;
				CLANG_WARN_RANGE_LOOP_ANALYSIS = YES;
				CLANG_WARN_STRICT_PROTOTYPES = YES;
				CLANG_WARN_SUSPICIOUS_MOVE = YES;
				CLANG_WARN_UNGUARDED_AVAILABILITY = YES_AGGRESSIVE;
				CLANG_WARN_UNREACHABLE_CODE = YES;
				CLANG_WARN__DUPLICATE_METHOD_MATCH = YES;
				COPY_PHASE_STRIP = NO;
				DEBUG_INFORMATION_FORMAT = dwarf;
				ENABLE_STRICT_OBJC_MSGSEND = YES;
				ENABLE_TESTABILITY = YES;
				GCC_C_LANGUAGE_STANDARD = gnu11;
				GCC_DYNAMIC_NO_PIC = NO;
				GCC_NO_COMMON_BLOCKS = YES;
				GCC_OPTIMIZATION_LEVEL = 0;
				GCC_PREPROCESSOR_DEFINITIONS = (
					"DEBUG=1",
					"$(inherited)",
				);
				GCC_WARN_64_TO_32_BIT_CONVERSION = YES;
				GCC_WARN_ABOUT_RETURN_TYPE = YES_ERROR;
				GCC_WARN_UNDECLARED_SELECTOR = YES;
				GCC_WARN_UNINITIALIZED_AUTOS = YES_AGGRESSIVE;
				GCC_WARN_UNUSED_FUNCTION = YES;
				GCC_WARN_UNUSED_VARIABLE = YES;
				IPHONEOS_DEPLOYMENT_TARGET = 13.4;
				MTL_ENABLE_DEBUG_INFO = INCLUDE_SOURCE;
				MTL_FAST_MATH = YES;
				ONLY_ACTIVE_ARCH = YES;
				SDKROOT = iphoneos;
				SWIFT_ACTIVE_COMPILATION_CONDITIONS = DEBUG;
				SWIFT_OPTIMIZATION_LEVEL = "-Onone";
			};
			name = Debug;
		};
		777FBC36245C768400F31FE5 /* Release */ = {
			isa = XCBuildConfiguration;
			buildSettings = {
				ALWAYS_SEARCH_USER_PATHS = NO;
				CLANG_ANALYZER_NONNULL = YES;
				CLANG_ANALYZER_NUMBER_OBJECT_CONVERSION = YES_AGGRESSIVE;
				CLANG_CXX_LANGUAGE_STANDARD = "gnu++14";
				CLANG_CXX_LIBRARY = "libc++";
				CLANG_ENABLE_MODULES = YES;
				CLANG_ENABLE_OBJC_ARC = YES;
				CLANG_ENABLE_OBJC_WEAK = YES;
				CLANG_WARN_BLOCK_CAPTURE_AUTORELEASING = YES;
				CLANG_WARN_BOOL_CONVERSION = YES;
				CLANG_WARN_COMMA = YES;
				CLANG_WARN_CONSTANT_CONVERSION = YES;
				CLANG_WARN_DEPRECATED_OBJC_IMPLEMENTATIONS = YES;
				CLANG_WARN_DIRECT_OBJC_ISA_USAGE = YES_ERROR;
				CLANG_WARN_DOCUMENTATION_COMMENTS = YES;
				CLANG_WARN_EMPTY_BODY = YES;
				CLANG_WARN_ENUM_CONVERSION = YES;
				CLANG_WARN_INFINITE_RECURSION = YES;
				CLANG_WARN_INT_CONVERSION = YES;
				CLANG_WARN_NON_LITERAL_NULL_CONVERSION = YES;
				CLANG_WARN_OBJC_IMPLICIT_RETAIN_SELF = YES;
				CLANG_WARN_OBJC_LITERAL_CONVERSION = YES;
				CLANG_WARN_OBJC_ROOT_CLASS = YES_ERROR;
				CLANG_WARN_RANGE_LOOP_ANALYSIS = YES;
				CLANG_WARN_STRICT_PROTOTYPES = YES;
				CLANG_WARN_SUSPICIOUS_MOVE = YES;
				CLANG_WARN_UNGUARDED_AVAILABILITY = YES_AGGRESSIVE;
				CLANG_WARN_UNREACHABLE_CODE = YES;
				CLANG_WARN__DUPLICATE_METHOD_MATCH = YES;
				COPY_PHASE_STRIP = NO;
				DEBUG_INFORMATION_FORMAT = "dwarf-with-dsym";
				ENABLE_NS_ASSERTIONS = NO;
				ENABLE_STRICT_OBJC_MSGSEND = YES;
				GCC_C_LANGUAGE_STANDARD = gnu11;
				GCC_NO_COMMON_BLOCKS = YES;
				GCC_WARN_64_TO_32_BIT_CONVERSION = YES;
				GCC_WARN_ABOUT_RETURN_TYPE = YES_ERROR;
				GCC_WARN_UNDECLARED_SELECTOR = YES;
				GCC_WARN_UNINITIALIZED_AUTOS = YES_AGGRESSIVE;
				GCC_WARN_UNUSED_FUNCTION = YES;
				GCC_WARN_UNUSED_VARIABLE = YES;
				IPHONEOS_DEPLOYMENT_TARGET = 13.4;
				MTL_ENABLE_DEBUG_INFO = NO;
				MTL_FAST_MATH = YES;
				SDKROOT = iphoneos;
				SWIFT_COMPILATION_MODE = wholemodule;
				SWIFT_OPTIMIZATION_LEVEL = "-O";
				VALIDATE_PRODUCT = YES;
			};
			name = Release;
		};
		777FBC38245C768400F31FE5 /* Debug */ = {
			isa = XCBuildConfiguration;
			buildSettings = {
				ASSETCATALOG_COMPILER_APPICON_NAME = AppIcon;
				CODE_SIGN_STYLE = Automatic;
				INFOPLIST_FILE = davaleba13/Info.plist;
				LD_RUNPATH_SEARCH_PATHS = (
					"$(inherited)",
					"@executable_path/Frameworks",
				);
				PRODUCT_BUNDLE_IDENTIFIER = ge.tbcbank.davaleba13;
				PRODUCT_NAME = "$(TARGET_NAME)";
				SWIFT_VERSION = 5.0;
				TARGETED_DEVICE_FAMILY = "1,2";
			};
			name = Debug;
		};
		777FBC39245C768400F31FE5 /* Release */ = {
			isa = XCBuildConfiguration;
			buildSettings = {
				ASSETCATALOG_COMPILER_APPICON_NAME = AppIcon;
				CODE_SIGN_STYLE = Automatic;
				INFOPLIST_FILE = davaleba13/Info.plist;
				LD_RUNPATH_SEARCH_PATHS = (
					"$(inherited)",
					"@executable_path/Frameworks",
				);
				PRODUCT_BUNDLE_IDENTIFIER = ge.tbcbank.davaleba13;
				PRODUCT_NAME = "$(TARGET_NAME)";
				SWIFT_VERSION = 5.0;
				TARGETED_DEVICE_FAMILY = "1,2";
			};
			name = Release;
		};
/* End XCBuildConfiguration section */

/* Begin XCConfigurationList section */
		777FBC1E245C768300F31FE5 /* Build configuration list for PBXProject "davaleba13" */ = {
			isa = XCConfigurationList;
			buildConfigurations = (
				777FBC35245C768400F31FE5 /* Debug */,
				777FBC36245C768400F31FE5 /* Release */,
			);
			defaultConfigurationIsVisible = 0;
			defaultConfigurationName = Release;
		};
		777FBC37245C768400F31FE5 /* Build configuration list for PBXNativeTarget "davaleba13" */ = {
			isa = XCConfigurationList;
			buildConfigurations = (
				777FBC38245C768400F31FE5 /* Debug */,
				777FBC39245C768400F31FE5 /* Release */,
			);
			defaultConfigurationIsVisible = 0;
			defaultConfigurationName = Release;
		};
/* End XCConfigurationList section */
	};
	rootObject = 777FBC1B245C768300F31FE5 /* Project object */;
}
