// !$*UTF8*$!
{
	archiveVersion = 1;
	classes = {
	};
	objectVersion = 50;
	objects = {

/* Begin PBXBuildFile section */
		77C17F8724598569005509CB /* AppDelegate.swift in Sources */ = {isa = PBXBuildFile; fileRef = 77C17F8624598569005509CB /* AppDelegate.swift */; };
		77C17F8924598569005509CB /* SceneDelegate.swift in Sources */ = {isa = PBXBuildFile; fileRef = 77C17F8824598569005509CB /* SceneDelegate.swift */; };
		77C17F8B24598569005509CB /* ViewController.swift in Sources */ = {isa = PBXBuildFile; fileRef = 77C17F8A24598569005509CB /* ViewController.swift */; };
		77C17F8E24598569005509CB /* Main.storyboard in Resources */ = {isa = PBXBuildFile; fileRef = 77C17F8C24598569005509CB /* Main.storyboard */; };
		77C17F902459856B005509CB /* Assets.xcassets in Resources */ = {isa = PBXBuildFile; fileRef = 77C17F8F2459856B005509CB /* Assets.xcassets */; };
		77C17F932459856B005509CB /* LaunchScreen.storyboard in Resources */ = {isa = PBXBuildFile; fileRef = 77C17F912459856B005509CB /* LaunchScreen.storyboard */; };
		77C17F9B24599B23005509CB /* secondViewController.swift in Sources */ = {isa = PBXBuildFile; fileRef = 77C17F9A24599B23005509CB /* secondViewController.swift */; };
		77C17F9F2459ACEA005509CB /* tableviewcellTableViewCell.swift in Sources */ = {isa = PBXBuildFile; fileRef = 77C17F9E2459ACEA005509CB /* tableviewcellTableViewCell.swift */; };
/* End PBXBuildFile section */

/* Begin PBXFileReference section */
		77C17F8324598569005509CB /* დავალება11.app */ = {isa = PBXFileReference; explicitFileType = wrapper.application; includeInIndex = 0; path = "დავალება11.app"; sourceTree = BUILT_PRODUCTS_DIR; };
		77C17F8624598569005509CB /* AppDelegate.swift */ = {isa = PBXFileReference; lastKnownFileType = sourcecode.swift; path = AppDelegate.swift; sourceTree = "<group>"; };
		77C17F8824598569005509CB /* SceneDelegate.swift */ = {isa = PBXFileReference; lastKnownFileType = sourcecode.swift; path = SceneDelegate.swift; sourceTree = "<group>"; };
		77C17F8A24598569005509CB /* ViewController.swift */ = {isa = PBXFileReference; lastKnownFileType = sourcecode.swift; path = ViewController.swift; sourceTree = "<group>"; };
		77C17F8D24598569005509CB /* Base */ = {isa = PBXFileReference; lastKnownFileType = file.storyboard; name = Base; path = Base.lproj/Main.storyboard; sourceTree = "<group>"; };
		77C17F8F2459856B005509CB /* Assets.xcassets */ = {isa = PBXFileReference; lastKnownFileType = folder.assetcatalog; path = Assets.xcassets; sourceTree = "<group>"; };
		77C17F922459856B005509CB /* Base */ = {isa = PBXFileReference; lastKnownFileType = file.storyboard; name = Base; path = Base.lproj/LaunchScreen.storyboard; sourceTree = "<group>"; };
		77C17F942459856B005509CB /* Info.plist */ = {isa = PBXFileReference; lastKnownFileType = text.plist.xml; path = Info.plist; sourceTree = "<group>"; };
		77C17F9A24599B23005509CB /* secondViewController.swift */ = {isa = PBXFileReference; lastKnownFileType = sourcecode.swift; path = secondViewController.swift; sourceTree = "<group>"; };
		77C17F9E2459ACEA005509CB /* tableviewcellTableViewCell.swift */ = {isa = PBXFileReference; lastKnownFileType = sourcecode.swift; path = tableviewcellTableViewCell.swift; sourceTree = "<group>"; };
/* End PBXFileReference section */

/* Begin PBXFrameworksBuildPhase section */
		77C17F8024598569005509CB /* Frameworks */ = {
			isa = PBXFrameworksBuildPhase;
			buildActionMask = 2147483647;
			files = (
			);
			runOnlyForDeploymentPostprocessing = 0;
		};
/* End PBXFrameworksBuildPhase section */

/* Begin PBXGroup section */
		77C17F7A24598569005509CB = {
			isa = PBXGroup;
			children = (
				77C17F8524598569005509CB /* დავალება11 */,
				77C17F8424598569005509CB /* Products */,
			);
			sourceTree = "<group>";
		};
		77C17F8424598569005509CB /* Products */ = {
			isa = PBXGroup;
			children = (
				77C17F8324598569005509CB /* დავალება11.app */,
			);
			name = Products;
			sourceTree = "<group>";
		};
		77C17F8524598569005509CB /* დავალება11 */ = {
			isa = PBXGroup;
			children = (
				77C17F8624598569005509CB /* AppDelegate.swift */,
				77C17F8824598569005509CB /* SceneDelegate.swift */,
				77C17F8A24598569005509CB /* ViewController.swift */,
				77C17F8C24598569005509CB /* Main.storyboard */,
				77C17F8F2459856B005509CB /* Assets.xcassets */,
				77C17F912459856B005509CB /* LaunchScreen.storyboard */,
				77C17F942459856B005509CB /* Info.plist */,
				77C17F9A24599B23005509CB /* secondViewController.swift */,
				77C17F9E2459ACEA005509CB /* tableviewcellTableViewCell.swift */,
			);
			path = "დავალება11";
			sourceTree = "<group>";
		};
/* End PBXGroup section */

/* Begin PBXNativeTarget section */
		77C17F8224598569005509CB /* დავალება11 */ = {
			isa = PBXNativeTarget;
			buildConfigurationList = 77C17F972459856B005509CB /* Build configuration list for PBXNativeTarget "დავალება11" */;
			buildPhases = (
				77C17F7F24598569005509CB /* Sources */,
				77C17F8024598569005509CB /* Frameworks */,
				77C17F8124598569005509CB /* Resources */,
			);
			buildRules = (
			);
			dependencies = (
			);
			name = "დავალება11";
			productName = "დავალება11";
			productReference = 77C17F8324598569005509CB /* დავალება11.app */;
			productType = "com.apple.product-type.application";
		};
/* End PBXNativeTarget section */

/* Begin PBXProject section */
		77C17F7B24598569005509CB /* Project object */ = {
			isa = PBXProject;
			attributes = {
				LastSwiftUpdateCheck = 1140;
				LastUpgradeCheck = 1140;
				ORGANIZATIONNAME = Tbc;
				TargetAttributes = {
					77C17F8224598569005509CB = {
						CreatedOnToolsVersion = 11.4.1;
					};
				};
			};
			buildConfigurationList = 77C17F7E24598569005509CB /* Build configuration list for PBXProject "დავალება11" */;
			compatibilityVersion = "Xcode 9.3";
			developmentRegion = en;
			hasScannedForEncodings = 0;
			knownRegions = (
				en,
				Base,
			);
			mainGroup = 77C17F7A24598569005509CB;
			productRefGroup = 77C17F8424598569005509CB /* Products */;
			projectDirPath = "";
			projectRoot = "";
			targets = (
				77C17F8224598569005509CB /* დავალება11 */,
			);
		};
/* End PBXProject section */

/* Begin PBXResourcesBuildPhase section */
		77C17F8124598569005509CB /* Resources */ = {
			isa = PBXResourcesBuildPhase;
			buildActionMask = 2147483647;
			files = (
				77C17F932459856B005509CB /* LaunchScreen.storyboard in Resources */,
				77C17F902459856B005509CB /* Assets.xcassets in Resources */,
				77C17F8E24598569005509CB /* Main.storyboard in Resources */,
			);
			runOnlyForDeploymentPostprocessing = 0;
		};
/* End PBXResourcesBuildPhase section */

/* Begin PBXSourcesBuildPhase section */
		77C17F7F24598569005509CB /* Sources */ = {
			isa = PBXSourcesBuildPhase;
			buildActionMask = 2147483647;
			files = (
				77C17F9B24599B23005509CB /* secondViewController.swift in Sources */,
				77C17F8B24598569005509CB /* ViewController.swift in Sources */,
				77C17F8724598569005509CB /* AppDelegate.swift in Sources */,
				77C17F9F2459ACEA005509CB /* tableviewcellTableViewCell.swift in Sources */,
				77C17F8924598569005509CB /* SceneDelegate.swift in Sources */,
			);
			runOnlyForDeploymentPostprocessing = 0;
		};
/* End PBXSourcesBuildPhase section */

/* Begin PBXVariantGroup section */
		77C17F8C24598569005509CB /* Main.storyboard */ = {
			isa = PBXVariantGroup;
			children = (
				77C17F8D24598569005509CB /* Base */,
			);
			name = Main.storyboard;
			sourceTree = "<group>";
		};
		77C17F912459856B005509CB /* LaunchScreen.storyboard */ = {
			isa = PBXVariantGroup;
			children = (
				77C17F922459856B005509CB /* Base */,
			);
			name = LaunchScreen.storyboard;
			sourceTree = "<group>";
		};
/* End PBXVariantGroup section */

/* Begin XCBuildConfiguration section */
		77C17F952459856B005509CB /* Debug */ = {
			isa = XCBuildConfiguration;
			buildSettings = {
				ALWAYS_SEARCH_USER_PATHS = NO;
				CLANG_ANALYZER_NONNULL = YES;
				CLANG_ANALYZER_NUMBER_OBJECT_CONVERSION = YES_AGGRESSIVE;
				CLANG_CXX_LANGUAGE_STANDARD = "gnu++14";
				CLANG_CXX_LIBRARY = "libc++";
				CLANG_ENABLE_MODULES = YES;
				CLANG_ENABLE_OBJC_ARC = YES;
				CLANG_ENABLE_OBJC_WEAK = YES;
				CLANG_WARN_BLOCK_CAPTURE_AUTORELEASING = YES;
				CLANG_WARN_BOOL_CONVERSION = YES;
				CLANG_WARN_COMMA = YES;
				CLANG_WARN_CONSTANT_CONVERSION = YES;
				CLANG_WARN_DEPRECATED_OBJC_IMPLEMENTATIONS = YES;
				CLANG_WARN_DIRECT_OBJC_ISA_USAGE = YES_ERROR;
				CLANG_WARN_DOCUMENTATION_COMMENTS = YES;
				CLANG_WARN_EMPTY_BODY = YES;
				CLANG_WARN_ENUM_CONVERSION = YES;
				CLANG_WARN_INFINITE_RECURSION = YES;
				CLANG_WARN_INT_CONVERSION = YES;
				CLANG_WARN_NON_LITERAL_NULL_CONVERSION = YES;
				CLANG_WARN_OBJC_IMPLICIT_RETAIN_SELF = YES;
				CLANG_WARN_OBJC_LITERAL_CONVERSION = YES;
				CLANG_WARN_OBJC_ROOT_CLASS = YES_ERROR;
				CLANG_WARN_RANGE_LOOP_ANALYSIS = YES;
				CLANG_WARN_STRICT_PROTOTYPES = YES;
				CLANG_WARN_SUSPICIOUS_MOVE = YES;
				CLANG_WARN_UNGUARDED_AVAILABILITY = YES_AGGRESSIVE;
				CLANG_WARN_UNREACHABLE_CODE = YES;
				CLANG_WARN__DUPLICATE_METHOD_MATCH = YES;
				COPY_PHASE_STRIP = NO;
				DEBUG_INFORMATION_FORMAT = dwarf;
				ENABLE_STRICT_OBJC_MSGSEND = YES;
				ENABLE_TESTABILITY = YES;
				GCC_C_LANGUAGE_STANDARD = gnu11;
				GCC_DYNAMIC_NO_PIC = NO;
				GCC_NO_COMMON_BLOCKS = YES;
				GCC_OPTIMIZATION_LEVEL = 0;
				GCC_PREPROCESSOR_DEFINITIONS = (
					"DEBUG=1",
					"$(inherited)",
				);
				GCC_WARN_64_TO_32_BIT_CONVERSION = YES;
				GCC_WARN_ABOUT_RETURN_TYPE = YES_ERROR;
				GCC_WARN_UNDECLARED_SELECTOR = YES;
				GCC_WARN_UNINITIALIZED_AUTOS = YES_AGGRESSIVE;
				GCC_WARN_UNUSED_FUNCTION = YES;
				GCC_WARN_UNUSED_VARIABLE = YES;
				IPHONEOS_DEPLOYMENT_TARGET = 13.4;
				MTL_ENABLE_DEBUG_INFO = INCLUDE_SOURCE;
				MTL_FAST_MATH = YES;
				ONLY_ACTIVE_ARCH = YES;
				SDKROOT = iphoneos;
				SWIFT_ACTIVE_COMPILATION_CONDITIONS = DEBUG;
				SWIFT_OPTIMIZATION_LEVEL = "-Onone";
			};
			name = Debug;
		};
		77C17F962459856B005509CB /* Release */ = {
			isa = XCBuildConfiguration;
			buildSettings = {
				ALWAYS_SEARCH_USER_PATHS = NO;
				CLANG_ANALYZER_NONNULL = YES;
				CLANG_ANALYZER_NUMBER_OBJECT_CONVERSION = YES_AGGRESSIVE;
				CLANG_CXX_LANGUAGE_STANDARD = "gnu++14";
				CLANG_CXX_LIBRARY = "libc++";
				CLANG_ENABLE_MODULES = YES;
				CLANG_ENABLE_OBJC_ARC = YES;
				CLANG_ENABLE_OBJC_WEAK = YES;
				CLANG_WARN_BLOCK_CAPTURE_AUTORELEASING = YES;
				CLANG_WARN_BOOL_CONVERSION = YES;
				CLANG_WARN_COMMA = YES;
				CLANG_WARN_CONSTANT_CONVERSION = YES;
				CLANG_WARN_DEPRECATED_OBJC_IMPLEMENTATIONS = YES;
				CLANG_WARN_DIRECT_OBJC_ISA_USAGE = YES_ERROR;
				CLANG_WARN_DOCUMENTATION_COMMENTS = YES;
				CLANG_WARN_EMPTY_BODY = YES;
				CLANG_WARN_ENUM_CONVERSION = YES;
				CLANG_WARN_INFINITE_RECURSION = YES;
				CLANG_WARN_INT_CONVERSION = YES;
				CLANG_WARN_NON_LITERAL_NULL_CONVERSION = YES;
				CLANG_WARN_OBJC_IMPLICIT_RETAIN_SELF = YES;
				CLANG_WARN_OBJC_LITERAL_CONVERSION = YES;
				CLANG_WARN_OBJC_ROOT_CLASS = YES_ERROR;
				CLANG_WARN_RANGE_LOOP_ANALYSIS = YES;
				CLANG_WARN_STRICT_PROTOTYPES = YES;
				CLANG_WARN_SUSPICIOUS_MOVE = YES;
				CLANG_WARN_UNGUARDED_AVAILABILITY = YES_AGGRESSIVE;
				CLANG_WARN_UNREACHABLE_CODE = YES;
				CLANG_WARN__DUPLICATE_METHOD_MATCH = YES;
				COPY_PHASE_STRIP = NO;
				DEBUG_INFORMATION_FORMAT = "dwarf-with-dsym";
				ENABLE_NS_ASSERTIONS = NO;
				ENABLE_STRICT_OBJC_MSGSEND = YES;
				GCC_C_LANGUAGE_STANDARD = gnu11;
				GCC_NO_COMMON_BLOCKS = YES;
				GCC_WARN_64_TO_32_BIT_CONVERSION = YES;
				GCC_WARN_ABOUT_RETURN_TYPE = YES_ERROR;
				GCC_WARN_UNDECLARED_SELECTOR = YES;
				GCC_WARN_UNINITIALIZED_AUTOS = YES_AGGRESSIVE;
				GCC_WARN_UNUSED_FUNCTION = YES;
				GCC_WARN_UNUSED_VARIABLE = YES;
				IPHONEOS_DEPLOYMENT_TARGET = 13.4;
				MTL_ENABLE_DEBUG_INFO = NO;
				MTL_FAST_MATH = YES;
				SDKROOT = iphoneos;
				SWIFT_COMPILATION_MODE = wholemodule;
				SWIFT_OPTIMIZATION_LEVEL = "-O";
				VALIDATE_PRODUCT = YES;
			};
			name = Release;
		};
		77C17F982459856B005509CB /* Debug */ = {
			isa = XCBuildConfiguration;
			buildSettings = {
				ASSETCATALOG_COMPILER_APPICON_NAME = AppIcon;
				CODE_SIGN_STYLE = Automatic;
				INFOPLIST_FILE = "დავალება11/Info.plist";
				LD_RUNPATH_SEARCH_PATHS = (
					"$(inherited)",
					"@executable_path/Frameworks",
				);
				PRODUCT_BUNDLE_IDENTIFIER = "ge.tbcbank.--------11";
				PRODUCT_NAME = "$(TARGET_NAME)";
				SWIFT_VERSION = 5.0;
				TARGETED_DEVICE_FAMILY = "1,2";
			};
			name = Debug;
		};
		77C17F992459856B005509CB /* Release */ = {
			isa = XCBuildConfiguration;
			buildSettings = {
				ASSETCATALOG_COMPILER_APPICON_NAME = AppIcon;
				CODE_SIGN_STYLE = Automatic;
				INFOPLIST_FILE = "დავალება11/Info.plist";
				LD_RUNPATH_SEARCH_PATHS = (
					"$(inherited)",
					"@executable_path/Frameworks",
				);
				PRODUCT_BUNDLE_IDENTIFIER = "ge.tbcbank.--------11";
				PRODUCT_NAME = "$(TARGET_NAME)";
				SWIFT_VERSION = 5.0;
				TARGETED_DEVICE_FAMILY = "1,2";
			};
			name = Release;
		};
/* End XCBuildConfiguration section */

/* Begin XCConfigurationList section */
		77C17F7E24598569005509CB /* Build configuration list for PBXProject "დავალება11" */ = {
			isa = XCConfigurationList;
			buildConfigurations = (
				77C17F952459856B005509CB /* Debug */,
				77C17F962459856B005509CB /* Release */,
			);
			defaultConfigurationIsVisible = 0;
			defaultConfigurationName = Release;
		};
		77C17F972459856B005509CB /* Build configuration list for PBXNativeTarget "დავალება11" */ = {
			isa = XCConfigurationList;
			buildConfigurations = (
				77C17F982459856B005509CB /* Debug */,
				77C17F992459856B005509CB /* Release */,
			);
			defaultConfigurationIsVisible = 0;
			defaultConfigurationName = Release;
		};
/* End XCConfigurationList section */
	};
	rootObject = 77C17F7B24598569005509CB /* Project object */;
}
