// !$*UTF8*$!
{
	archiveVersion = 1;
	classes = {
	};
	objectVersion = 50;
	objects = {

/* Begin PBXBuildFile section */
		77270B3E2470412F006A57C4 /* AppDelegate.swift in Sources */ = {isa = PBXBuildFile; fileRef = 77270B3D2470412F006A57C4 /* AppDelegate.swift */; };
		77270B402470412F006A57C4 /* SceneDelegate.swift in Sources */ = {isa = PBXBuildFile; fileRef = 77270B3F2470412F006A57C4 /* SceneDelegate.swift */; };
		77270B422470412F006A57C4 /* ViewController.swift in Sources */ = {isa = PBXBuildFile; fileRef = 77270B412470412F006A57C4 /* ViewController.swift */; };
		77270B452470412F006A57C4 /* Main.storyboard in Resources */ = {isa = PBXBuildFile; fileRef = 77270B432470412F006A57C4 /* Main.storyboard */; };
		77270B482470412F006A57C4 /* TazZzBooK.xcdatamodeld in Sources */ = {isa = PBXBuildFile; fileRef = 77270B462470412F006A57C4 /* TazZzBooK.xcdatamodeld */; };
		77270B4A24704135006A57C4 /* Assets.xcassets in Resources */ = {isa = PBXBuildFile; fileRef = 77270B4924704135006A57C4 /* Assets.xcassets */; };
		77270B4D24704135006A57C4 /* LaunchScreen.storyboard in Resources */ = {isa = PBXBuildFile; fileRef = 77270B4B24704135006A57C4 /* LaunchScreen.storyboard */; };
		77270B5524706637006A57C4 /* SignUpViewController.swift in Sources */ = {isa = PBXBuildFile; fileRef = 77270B5424706637006A57C4 /* SignUpViewController.swift */; };
		772711B2247141000002CEEB /* MyTableViewCell.swift in Sources */ = {isa = PBXBuildFile; fileRef = 772711B1247141000002CEEB /* MyTableViewCell.swift */; };
		772711B4247141310002CEEB /* HomeViewController.swift in Sources */ = {isa = PBXBuildFile; fileRef = 772711B3247141310002CEEB /* HomeViewController.swift */; };
		772711B6247142930002CEEB /* TabBarViewController.swift in Sources */ = {isa = PBXBuildFile; fileRef = 772711B5247142930002CEEB /* TabBarViewController.swift */; };
		772711B82471438D0002CEEB /* NewPostViewController.swift in Sources */ = {isa = PBXBuildFile; fileRef = 772711B72471438D0002CEEB /* NewPostViewController.swift */; };
		772711C42471AE290002CEEB /* SettingsViewController.swift in Sources */ = {isa = PBXBuildFile; fileRef = 772711C32471AE290002CEEB /* SettingsViewController.swift */; };
		772711C62471CFB80002CEEB /* EditViewController.swift in Sources */ = {isa = PBXBuildFile; fileRef = 772711C52471CFB80002CEEB /* EditViewController.swift */; };
/* End PBXBuildFile section */

/* Begin PBXFileReference section */
		77270B3A2470412F006A57C4 /* TazZzBooK.app */ = {isa = PBXFileReference; explicitFileType = wrapper.application; includeInIndex = 0; path = TazZzBooK.app; sourceTree = BUILT_PRODUCTS_DIR; };
		77270B3D2470412F006A57C4 /* AppDelegate.swift */ = {isa = PBXFileReference; lastKnownFileType = sourcecode.swift; path = AppDelegate.swift; sourceTree = "<group>"; };
		77270B3F2470412F006A57C4 /* SceneDelegate.swift */ = {isa = PBXFileReference; lastKnownFileType = sourcecode.swift; path = SceneDelegate.swift; sourceTree = "<group>"; };
		77270B412470412F006A57C4 /* ViewController.swift */ = {isa = PBXFileReference; lastKnownFileType = sourcecode.swift; path = ViewController.swift; sourceTree = "<group>"; };
		77270B442470412F006A57C4 /* Base */ = {isa = PBXFileReference; lastKnownFileType = file.storyboard; name = Base; path = Base.lproj/Main.storyboard; sourceTree = "<group>"; };
		77270B472470412F006A57C4 /* TazZzBooK.xcdatamodel */ = {isa = PBXFileReference; lastKnownFileType = wrapper.xcdatamodel; path = TazZzBooK.xcdatamodel; sourceTree = "<group>"; };
		77270B4924704135006A57C4 /* Assets.xcassets */ = {isa = PBXFileReference; lastKnownFileType = folder.assetcatalog; path = Assets.xcassets; sourceTree = "<group>"; };
		77270B4C24704135006A57C4 /* Base */ = {isa = PBXFileReference; lastKnownFileType = file.storyboard; name = Base; path = Base.lproj/LaunchScreen.storyboard; sourceTree = "<group>"; };
		77270B4E24704135006A57C4 /* Info.plist */ = {isa = PBXFileReference; lastKnownFileType = text.plist.xml; path = Info.plist; sourceTree = "<group>"; };
		77270B5424706637006A57C4 /* SignUpViewController.swift */ = {isa = PBXFileReference; lastKnownFileType = sourcecode.swift; path = SignUpViewController.swift; sourceTree = "<group>"; };
		772711B1247141000002CEEB /* MyTableViewCell.swift */ = {isa = PBXFileReference; lastKnownFileType = sourcecode.swift; path = MyTableViewCell.swift; sourceTree = "<group>"; };
		772711B3247141310002CEEB /* HomeViewController.swift */ = {isa = PBXFileReference; lastKnownFileType = sourcecode.swift; path = HomeViewController.swift; sourceTree = "<group>"; };
		772711B5247142930002CEEB /* TabBarViewController.swift */ = {isa = PBXFileReference; lastKnownFileType = sourcecode.swift; path = TabBarViewController.swift; sourceTree = "<group>"; };
		772711B72471438D0002CEEB /* NewPostViewController.swift */ = {isa = PBXFileReference; lastKnownFileType = sourcecode.swift; path = NewPostViewController.swift; sourceTree = "<group>"; };
		772711C32471AE290002CEEB /* SettingsViewController.swift */ = {isa = PBXFileReference; lastKnownFileType = sourcecode.swift; path = SettingsViewController.swift; sourceTree = "<group>"; };
		772711C52471CFB80002CEEB /* EditViewController.swift */ = {isa = PBXFileReference; lastKnownFileType = sourcecode.swift; path = EditViewController.swift; sourceTree = "<group>"; };
/* End PBXFileReference section */

/* Begin PBXFrameworksBuildPhase section */
		77270B372470412F006A57C4 /* Frameworks */ = {
			isa = PBXFrameworksBuildPhase;
			buildActionMask = 2147483647;
			files = (
			);
			runOnlyForDeploymentPostprocessing = 0;
		};
/* End PBXFrameworksBuildPhase section */

/* Begin PBXGroup section */
		77270B312470412F006A57C4 = {
			isa = PBXGroup;
			children = (
				77270B3C2470412F006A57C4 /* TazZzBooK */,
				77270B3B2470412F006A57C4 /* Products */,
			);
			sourceTree = "<group>";
		};
		77270B3B2470412F006A57C4 /* Products */ = {
			isa = PBXGroup;
			children = (
				77270B3A2470412F006A57C4 /* TazZzBooK.app */,
			);
			name = Products;
			sourceTree = "<group>";
		};
		77270B3C2470412F006A57C4 /* TazZzBooK */ = {
			isa = PBXGroup;
			children = (
				77270B3D2470412F006A57C4 /* AppDelegate.swift */,
				77270B3F2470412F006A57C4 /* SceneDelegate.swift */,
				77270B562470665D006A57C4 /* Views */,
				77270B432470412F006A57C4 /* Main.storyboard */,
				77270B4924704135006A57C4 /* Assets.xcassets */,
				77270B4B24704135006A57C4 /* LaunchScreen.storyboard */,
				772711B1247141000002CEEB /* MyTableViewCell.swift */,
				77270B4E24704135006A57C4 /* Info.plist */,
				77270B462470412F006A57C4 /* TazZzBooK.xcdatamodeld */,
			);
			path = TazZzBooK;
			sourceTree = "<group>";
		};
		77270B562470665D006A57C4 /* Views */ = {
			isa = PBXGroup;
			children = (
				77270B412470412F006A57C4 /* ViewController.swift */,
				77270B5424706637006A57C4 /* SignUpViewController.swift */,
				772711B5247142930002CEEB /* TabBarViewController.swift */,
				772711B3247141310002CEEB /* HomeViewController.swift */,
				772711B72471438D0002CEEB /* NewPostViewController.swift */,
				772711C52471CFB80002CEEB /* EditViewController.swift */,
				772711C32471AE290002CEEB /* SettingsViewController.swift */,
			);
			path = Views;
			sourceTree = "<group>";
		};
/* End PBXGroup section */

/* Begin PBXNativeTarget section */
		77270B392470412F006A57C4 /* TazZzBooK */ = {
			isa = PBXNativeTarget;
			buildConfigurationList = 77270B5124704135006A57C4 /* Build configuration list for PBXNativeTarget "TazZzBooK" */;
			buildPhases = (
				77270B362470412F006A57C4 /* Sources */,
				77270B372470412F006A57C4 /* Frameworks */,
				77270B382470412F006A57C4 /* Resources */,
			);
			buildRules = (
			);
			dependencies = (
			);
			name = TazZzBooK;
			productName = TazZzBooK;
			productReference = 77270B3A2470412F006A57C4 /* TazZzBooK.app */;
			productType = "com.apple.product-type.application";
		};
/* End PBXNativeTarget section */

/* Begin PBXProject section */
		77270B322470412F006A57C4 /* Project object */ = {
			isa = PBXProject;
			attributes = {
				LastSwiftUpdateCheck = 1140;
				LastUpgradeCheck = 1140;
				ORGANIZATIONNAME = Tbc;
				TargetAttributes = {
					77270B392470412F006A57C4 = {
						CreatedOnToolsVersion = 11.4.1;
					};
				};
			};
			buildConfigurationList = 77270B352470412F006A57C4 /* Build configuration list for PBXProject "TazZzBooK" */;
			compatibilityVersion = "Xcode 9.3";
			developmentRegion = en;
			hasScannedForEncodings = 0;
			knownRegions = (
				en,
				Base,
			);
			mainGroup = 77270B312470412F006A57C4;
			productRefGroup = 77270B3B2470412F006A57C4 /* Products */;
			projectDirPath = "";
			projectRoot = "";
			targets = (
				77270B392470412F006A57C4 /* TazZzBooK */,
			);
		};
/* End PBXProject section */

/* Begin PBXResourcesBuildPhase section */
		77270B382470412F006A57C4 /* Resources */ = {
			isa = PBXResourcesBuildPhase;
			buildActionMask = 2147483647;
			files = (
				77270B4D24704135006A57C4 /* LaunchScreen.storyboard in Resources */,
				77270B4A24704135006A57C4 /* Assets.xcassets in Resources */,
				77270B452470412F006A57C4 /* Main.storyboard in Resources */,
			);
			runOnlyForDeploymentPostprocessing = 0;
		};
/* End PBXResourcesBuildPhase section */

/* Begin PBXSourcesBuildPhase section */
		77270B362470412F006A57C4 /* Sources */ = {
			isa = PBXSourcesBuildPhase;
			buildActionMask = 2147483647;
			files = (
				772711B6247142930002CEEB /* TabBarViewController.swift in Sources */,
				77270B482470412F006A57C4 /* TazZzBooK.xcdatamodeld in Sources */,
				77270B422470412F006A57C4 /* ViewController.swift in Sources */,
				772711C42471AE290002CEEB /* SettingsViewController.swift in Sources */,
				77270B3E2470412F006A57C4 /* AppDelegate.swift in Sources */,
				77270B402470412F006A57C4 /* SceneDelegate.swift in Sources */,
				772711B82471438D0002CEEB /* NewPostViewController.swift in Sources */,
				77270B5524706637006A57C4 /* SignUpViewController.swift in Sources */,
				772711B4247141310002CEEB /* HomeViewController.swift in Sources */,
				772711C62471CFB80002CEEB /* EditViewController.swift in Sources */,
				772711B2247141000002CEEB /* MyTableViewCell.swift in Sources */,
			);
			runOnlyForDeploymentPostprocessing = 0;
		};
/* End PBXSourcesBuildPhase section */

/* Begin PBXVariantGroup section */
		77270B432470412F006A57C4 /* Main.storyboard */ = {
			isa = PBXVariantGroup;
			children = (
				77270B442470412F006A57C4 /* Base */,
			);
			name = Main.storyboard;
			sourceTree = "<group>";
		};
		77270B4B24704135006A57C4 /* LaunchScreen.storyboard */ = {
			isa = PBXVariantGroup;
			children = (
				77270B4C24704135006A57C4 /* Base */,
			);
			name = LaunchScreen.storyboard;
			sourceTree = "<group>";
		};
/* End PBXVariantGroup section */

/* Begin XCBuildConfiguration section */
		77270B4F24704135006A57C4 /* Debug */ = {
			isa = XCBuildConfiguration;
			buildSettings = {
				ALWAYS_SEARCH_USER_PATHS = NO;
				CLANG_ANALYZER_NONNULL = YES;
				CLANG_ANALYZER_NUMBER_OBJECT_CONVERSION = YES_AGGRESSIVE;
				CLANG_CXX_LANGUAGE_STANDARD = "gnu++14";
				CLANG_CXX_LIBRARY = "libc++";
				CLANG_ENABLE_MODULES = YES;
				CLANG_ENABLE_OBJC_ARC = YES;
				CLANG_ENABLE_OBJC_WEAK = YES;
				CLANG_WARN_BLOCK_CAPTURE_AUTORELEASING = YES;
				CLANG_WARN_BOOL_CONVERSION = YES;
				CLANG_WARN_COMMA = YES;
				CLANG_WARN_CONSTANT_CONVERSION = YES;
				CLANG_WARN_DEPRECATED_OBJC_IMPLEMENTATIONS = YES;
				CLANG_WARN_DIRECT_OBJC_ISA_USAGE = YES_ERROR;
				CLANG_WARN_DOCUMENTATION_COMMENTS = YES;
				CLANG_WARN_EMPTY_BODY = YES;
				CLANG_WARN_ENUM_CONVERSION = YES;
				CLANG_WARN_INFINITE_RECURSION = YES;
				CLANG_WARN_INT_CONVERSION = YES;
				CLANG_WARN_NON_LITERAL_NULL_CONVERSION = YES;
				CLANG_WARN_OBJC_IMPLICIT_RETAIN_SELF = YES;
				CLANG_WARN_OBJC_LITERAL_CONVERSION = YES;
				CLANG_WARN_OBJC_ROOT_CLASS = YES_ERROR;
				CLANG_WARN_RANGE_LOOP_ANALYSIS = YES;
				CLANG_WARN_STRICT_PROTOTYPES = YES;
				CLANG_WARN_SUSPICIOUS_MOVE = YES;
				CLANG_WARN_UNGUARDED_AVAILABILITY = YES_AGGRESSIVE;
				CLANG_WARN_UNREACHABLE_CODE = YES;
				CLANG_WARN__DUPLICATE_METHOD_MATCH = YES;
				COPY_PHASE_STRIP = NO;
				DEBUG_INFORMATION_FORMAT = dwarf;
				ENABLE_STRICT_OBJC_MSGSEND = YES;
				ENABLE_TESTABILITY = YES;
				GCC_C_LANGUAGE_STANDARD = gnu11;
				GCC_DYNAMIC_NO_PIC = NO;
				GCC_NO_COMMON_BLOCKS = YES;
				GCC_OPTIMIZATION_LEVEL = 0;
				GCC_PREPROCESSOR_DEFINITIONS = (
					"DEBUG=1",
					"$(inherited)",
				);
				GCC_WARN_64_TO_32_BIT_CONVERSION = YES;
				GCC_WARN_ABOUT_RETURN_TYPE = YES_ERROR;
				GCC_WARN_UNDECLARED_SELECTOR = YES;
				GCC_WARN_UNINITIALIZED_AUTOS = YES_AGGRESSIVE;
				GCC_WARN_UNUSED_FUNCTION = YES;
				GCC_WARN_UNUSED_VARIABLE = YES;
				IPHONEOS_DEPLOYMENT_TARGET = 13.4;
				MTL_ENABLE_DEBUG_INFO = INCLUDE_SOURCE;
				MTL_FAST_MATH = YES;
				ONLY_ACTIVE_ARCH = YES;
				SDKROOT = iphoneos;
				SWIFT_ACTIVE_COMPILATION_CONDITIONS = DEBUG;
				SWIFT_OPTIMIZATION_LEVEL = "-Onone";
			};
			name = Debug;
		};
		77270B5024704135006A57C4 /* Release */ = {
			isa = XCBuildConfiguration;
			buildSettings = {
				ALWAYS_SEARCH_USER_PATHS = NO;
				CLANG_ANALYZER_NONNULL = YES;
				CLANG_ANALYZER_NUMBER_OBJECT_CONVERSION = YES_AGGRESSIVE;
				CLANG_CXX_LANGUAGE_STANDARD = "gnu++14";
				CLANG_CXX_LIBRARY = "libc++";
				CLANG_ENABLE_MODULES = YES;
				CLANG_ENABLE_OBJC_ARC = YES;
				CLANG_ENABLE_OBJC_WEAK = YES;
				CLANG_WARN_BLOCK_CAPTURE_AUTORELEASING = YES;
				CLANG_WARN_BOOL_CONVERSION = YES;
				CLANG_WARN_COMMA = YES;
				CLANG_WARN_CONSTANT_CONVERSION = YES;
				CLANG_WARN_DEPRECATED_OBJC_IMPLEMENTATIONS = YES;
				CLANG_WARN_DIRECT_OBJC_ISA_USAGE = YES_ERROR;
				CLANG_WARN_DOCUMENTATION_COMMENTS = YES;
				CLANG_WARN_EMPTY_BODY = YES;
				CLANG_WARN_ENUM_CONVERSION = YES;
				CLANG_WARN_INFINITE_RECURSION = YES;
				CLANG_WARN_INT_CONVERSION = YES;
				CLANG_WARN_NON_LITERAL_NULL_CONVERSION = YES;
				CLANG_WARN_OBJC_IMPLICIT_RETAIN_SELF = YES;
				CLANG_WARN_OBJC_LITERAL_CONVERSION = YES;
				CLANG_WARN_OBJC_ROOT_CLASS = YES_ERROR;
				CLANG_WARN_RANGE_LOOP_ANALYSIS = YES;
				CLANG_WARN_STRICT_PROTOTYPES = YES;
				CLANG_WARN_SUSPICIOUS_MOVE = YES;
				CLANG_WARN_UNGUARDED_AVAILABILITY = YES_AGGRESSIVE;
				CLANG_WARN_UNREACHABLE_CODE = YES;
				CLANG_WARN__DUPLICATE_METHOD_MATCH = YES;
				COPY_PHASE_STRIP = NO;
				DEBUG_INFORMATION_FORMAT = "dwarf-with-dsym";
				ENABLE_NS_ASSERTIONS = NO;
				ENABLE_STRICT_OBJC_MSGSEND = YES;
				GCC_C_LANGUAGE_STANDARD = gnu11;
				GCC_NO_COMMON_BLOCKS = YES;
				GCC_WARN_64_TO_32_BIT_CONVERSION = YES;
				GCC_WARN_ABOUT_RETURN_TYPE = YES_ERROR;
				GCC_WARN_UNDECLARED_SELECTOR = YES;
				GCC_WARN_UNINITIALIZED_AUTOS = YES_AGGRESSIVE;
				GCC_WARN_UNUSED_FUNCTION = YES;
				GCC_WARN_UNUSED_VARIABLE = YES;
				IPHONEOS_DEPLOYMENT_TARGET = 13.4;
				MTL_ENABLE_DEBUG_INFO = NO;
				MTL_FAST_MATH = YES;
				SDKROOT = iphoneos;
				SWIFT_COMPILATION_MODE = wholemodule;
				SWIFT_OPTIMIZATION_LEVEL = "-O";
				VALIDATE_PRODUCT = YES;
			};
			name = Release;
		};
		77270B5224704135006A57C4 /* Debug */ = {
			isa = XCBuildConfiguration;
			buildSettings = {
				ASSETCATALOG_COMPILER_APPICON_NAME = AppIcon;
				CODE_SIGN_STYLE = Automatic;
				INFOPLIST_FILE = TazZzBooK/Info.plist;
				LD_RUNPATH_SEARCH_PATHS = (
					"$(inherited)",
					"@executable_path/Frameworks",
				);
				PRODUCT_BUNDLE_IDENTIFIER = ge.tbcbank.TazZzBooK;
				PRODUCT_NAME = "$(TARGET_NAME)";
				SWIFT_VERSION = 5.0;
				TARGETED_DEVICE_FAMILY = "1,2";
			};
			name = Debug;
		};
		77270B5324704135006A57C4 /* Release */ = {
			isa = XCBuildConfiguration;
			buildSettings = {
				ASSETCATALOG_COMPILER_APPICON_NAME = AppIcon;
				CODE_SIGN_STYLE = Automatic;
				INFOPLIST_FILE = TazZzBooK/Info.plist;
				LD_RUNPATH_SEARCH_PATHS = (
					"$(inherited)",
					"@executable_path/Frameworks",
				);
				PRODUCT_BUNDLE_IDENTIFIER = ge.tbcbank.TazZzBooK;
				PRODUCT_NAME = "$(TARGET_NAME)";
				SWIFT_VERSION = 5.0;
				TARGETED_DEVICE_FAMILY = "1,2";
			};
			name = Release;
		};
/* End XCBuildConfiguration section */

/* Begin XCConfigurationList section */
		77270B352470412F006A57C4 /* Build configuration list for PBXProject "TazZzBooK" */ = {
			isa = XCConfigurationList;
			buildConfigurations = (
				77270B4F24704135006A57C4 /* Debug */,
				77270B5024704135006A57C4 /* Release */,
			);
			defaultConfigurationIsVisible = 0;
			defaultConfigurationName = Release;
		};
		77270B5124704135006A57C4 /* Build configuration list for PBXNativeTarget "TazZzBooK" */ = {
			isa = XCConfigurationList;
			buildConfigurations = (
				77270B5224704135006A57C4 /* Debug */,
				77270B5324704135006A57C4 /* Release */,
			);
			defaultConfigurationIsVisible = 0;
			defaultConfigurationName = Release;
		};
/* End XCConfigurationList section */

/* Begin XCVersionGroup section */
		77270B462470412F006A57C4 /* TazZzBooK.xcdatamodeld */ = {
			isa = XCVersionGroup;
			children = (
				77270B472470412F006A57C4 /* TazZzBooK.xcdatamodel */,
			);
			currentVersion = 77270B472470412F006A57C4 /* TazZzBooK.xcdatamodel */;
			path = TazZzBooK.xcdatamodeld;
			sourceTree = "<group>";
			versionGroupType = wrapper.xcdatamodel;
		};
/* End XCVersionGroup section */
	};
	rootObject = 77270B322470412F006A57C4 /* Project object */;
}
