// !$*UTF8*$!
{
	archiveVersion = 1;
	classes = {
	};
	objectVersion = 50;
	objects = {

/* Begin PBXBuildFile section */
		771211A724649FAD00969E28 /* newmessageViewController.swift in Sources */ = {isa = PBXBuildFile; fileRef = 771211A624649FAD00969E28 /* newmessageViewController.swift */; };
		7726F3022464706B00AD9C4A /* AppDelegate.swift in Sources */ = {isa = PBXBuildFile; fileRef = 7726F3012464706B00AD9C4A /* AppDelegate.swift */; };
		7726F3042464706B00AD9C4A /* SceneDelegate.swift in Sources */ = {isa = PBXBuildFile; fileRef = 7726F3032464706B00AD9C4A /* SceneDelegate.swift */; };
		7726F3062464706B00AD9C4A /* ViewController.swift in Sources */ = {isa = PBXBuildFile; fileRef = 7726F3052464706B00AD9C4A /* ViewController.swift */; };
		7726F3092464706B00AD9C4A /* Main.storyboard in Resources */ = {isa = PBXBuildFile; fileRef = 7726F3072464706B00AD9C4A /* Main.storyboard */; };
		7726F30B2464706C00AD9C4A /* Assets.xcassets in Resources */ = {isa = PBXBuildFile; fileRef = 7726F30A2464706C00AD9C4A /* Assets.xcassets */; };
		7726F30E2464706C00AD9C4A /* LaunchScreen.storyboard in Resources */ = {isa = PBXBuildFile; fileRef = 7726F30C2464706C00AD9C4A /* LaunchScreen.storyboard */; };
		7726F31824647C0F00AD9C4A /* CallsViewController.swift in Sources */ = {isa = PBXBuildFile; fileRef = 7726F31724647C0F00AD9C4A /* CallsViewController.swift */; };
		7726F31A24647C1D00AD9C4A /* ChatsViewController.swift in Sources */ = {isa = PBXBuildFile; fileRef = 7726F31924647C1D00AD9C4A /* ChatsViewController.swift */; };
		7726F31C24647C2900AD9C4A /* SettingsViewController.swift in Sources */ = {isa = PBXBuildFile; fileRef = 7726F31B24647C2900AD9C4A /* SettingsViewController.swift */; };
		7726F31E24647D5E00AD9C4A /* CallsTableViewCell.swift in Sources */ = {isa = PBXBuildFile; fileRef = 7726F31D24647D5E00AD9C4A /* CallsTableViewCell.swift */; };
		7726F3212464960700AD9C4A /* chatTableViewCell.swift in Sources */ = {isa = PBXBuildFile; fileRef = 7726F3202464960700AD9C4A /* chatTableViewCell.swift */; };
		774DCA7E2464DEFB006571CC /* UDmanager.swift in Sources */ = {isa = PBXBuildFile; fileRef = 774DCA7D2464DEFB006571CC /* UDmanager.swift */; };
		7792B2F92464E7140000748D /* fullmessageViewController.swift in Sources */ = {isa = PBXBuildFile; fileRef = 7792B2F82464E7140000748D /* fullmessageViewController.swift */; };
		7792B2FB2464FF8A0000748D /* mytabbarViewController.swift in Sources */ = {isa = PBXBuildFile; fileRef = 7792B2FA2464FF8A0000748D /* mytabbarViewController.swift */; };
/* End PBXBuildFile section */

/* Begin PBXFileReference section */
		771211A624649FAD00969E28 /* newmessageViewController.swift */ = {isa = PBXFileReference; lastKnownFileType = sourcecode.swift; path = newmessageViewController.swift; sourceTree = "<group>"; };
		7726F2FE2464706B00AD9C4A /* davaleba17.app */ = {isa = PBXFileReference; explicitFileType = wrapper.application; includeInIndex = 0; path = davaleba17.app; sourceTree = BUILT_PRODUCTS_DIR; };
		7726F3012464706B00AD9C4A /* AppDelegate.swift */ = {isa = PBXFileReference; lastKnownFileType = sourcecode.swift; path = AppDelegate.swift; sourceTree = "<group>"; };
		7726F3032464706B00AD9C4A /* SceneDelegate.swift */ = {isa = PBXFileReference; lastKnownFileType = sourcecode.swift; path = SceneDelegate.swift; sourceTree = "<group>"; };
		7726F3052464706B00AD9C4A /* ViewController.swift */ = {isa = PBXFileReference; lastKnownFileType = sourcecode.swift; path = ViewController.swift; sourceTree = "<group>"; };
		7726F3082464706B00AD9C4A /* Base */ = {isa = PBXFileReference; lastKnownFileType = file.storyboard; name = Base; path = Base.lproj/Main.storyboard; sourceTree = "<group>"; };
		7726F30A2464706C00AD9C4A /* Assets.xcassets */ = {isa = PBXFileReference; lastKnownFileType = folder.assetcatalog; path = Assets.xcassets; sourceTree = "<group>"; };
		7726F30D2464706C00AD9C4A /* Base */ = {isa = PBXFileReference; lastKnownFileType = file.storyboard; name = Base; path = Base.lproj/LaunchScreen.storyboard; sourceTree = "<group>"; };
		7726F30F2464706C00AD9C4A /* Info.plist */ = {isa = PBXFileReference; lastKnownFileType = text.plist.xml; path = Info.plist; sourceTree = "<group>"; };
		7726F31724647C0F00AD9C4A /* CallsViewController.swift */ = {isa = PBXFileReference; lastKnownFileType = sourcecode.swift; path = CallsViewController.swift; sourceTree = "<group>"; };
		7726F31924647C1D00AD9C4A /* ChatsViewController.swift */ = {isa = PBXFileReference; lastKnownFileType = sourcecode.swift; path = ChatsViewController.swift; sourceTree = "<group>"; };
		7726F31B24647C2900AD9C4A /* SettingsViewController.swift */ = {isa = PBXFileReference; lastKnownFileType = sourcecode.swift; path = SettingsViewController.swift; sourceTree = "<group>"; };
		7726F31D24647D5E00AD9C4A /* CallsTableViewCell.swift */ = {isa = PBXFileReference; lastKnownFileType = sourcecode.swift; path = CallsTableViewCell.swift; sourceTree = "<group>"; };
		7726F3202464960700AD9C4A /* chatTableViewCell.swift */ = {isa = PBXFileReference; lastKnownFileType = sourcecode.swift; path = chatTableViewCell.swift; sourceTree = "<group>"; };
		774DCA7D2464DEFB006571CC /* UDmanager.swift */ = {isa = PBXFileReference; lastKnownFileType = sourcecode.swift; path = UDmanager.swift; sourceTree = "<group>"; };
		7792B2F82464E7140000748D /* fullmessageViewController.swift */ = {isa = PBXFileReference; lastKnownFileType = sourcecode.swift; path = fullmessageViewController.swift; sourceTree = "<group>"; };
		7792B2FA2464FF8A0000748D /* mytabbarViewController.swift */ = {isa = PBXFileReference; lastKnownFileType = sourcecode.swift; path = mytabbarViewController.swift; sourceTree = "<group>"; };
/* End PBXFileReference section */

/* Begin PBXFrameworksBuildPhase section */
		7726F2FB2464706B00AD9C4A /* Frameworks */ = {
			isa = PBXFrameworksBuildPhase;
			buildActionMask = 2147483647;
			files = (
			);
			runOnlyForDeploymentPostprocessing = 0;
		};
/* End PBXFrameworksBuildPhase section */

/* Begin PBXGroup section */
		7726F2F52464706B00AD9C4A = {
			isa = PBXGroup;
			children = (
				7726F3002464706B00AD9C4A /* davaleba17 */,
				7726F2FF2464706B00AD9C4A /* Products */,
			);
			sourceTree = "<group>";
		};
		7726F2FF2464706B00AD9C4A /* Products */ = {
			isa = PBXGroup;
			children = (
				7726F2FE2464706B00AD9C4A /* davaleba17.app */,
			);
			name = Products;
			sourceTree = "<group>";
		};
		7726F3002464706B00AD9C4A /* davaleba17 */ = {
			isa = PBXGroup;
			children = (
				7726F3012464706B00AD9C4A /* AppDelegate.swift */,
				7726F3222464964800AD9C4A /* viewv */,
				7726F31F2464957F00AD9C4A /* cells */,
				7726F3032464706B00AD9C4A /* SceneDelegate.swift */,
				7792B2FA2464FF8A0000748D /* mytabbarViewController.swift */,
				7726F3052464706B00AD9C4A /* ViewController.swift */,
				7726F3072464706B00AD9C4A /* Main.storyboard */,
				7726F30A2464706C00AD9C4A /* Assets.xcassets */,
				7726F30C2464706C00AD9C4A /* LaunchScreen.storyboard */,
				7726F30F2464706C00AD9C4A /* Info.plist */,
				774DCA7D2464DEFB006571CC /* UDmanager.swift */,
			);
			path = davaleba17;
			sourceTree = "<group>";
		};
		7726F31F2464957F00AD9C4A /* cells */ = {
			isa = PBXGroup;
			children = (
				7726F31D24647D5E00AD9C4A /* CallsTableViewCell.swift */,
				7726F3202464960700AD9C4A /* chatTableViewCell.swift */,
			);
			path = cells;
			sourceTree = "<group>";
		};
		7726F3222464964800AD9C4A /* viewv */ = {
			isa = PBXGroup;
			children = (
				7726F31724647C0F00AD9C4A /* CallsViewController.swift */,
				7726F31B24647C2900AD9C4A /* SettingsViewController.swift */,
				7726F31924647C1D00AD9C4A /* ChatsViewController.swift */,
				771211A624649FAD00969E28 /* newmessageViewController.swift */,
				7792B2F82464E7140000748D /* fullmessageViewController.swift */,
			);
			path = viewv;
			sourceTree = "<group>";
		};
/* End PBXGroup section */

/* Begin PBXNativeTarget section */
		7726F2FD2464706B00AD9C4A /* davaleba17 */ = {
			isa = PBXNativeTarget;
			buildConfigurationList = 7726F3122464706C00AD9C4A /* Build configuration list for PBXNativeTarget "davaleba17" */;
			buildPhases = (
				7726F2FA2464706B00AD9C4A /* Sources */,
				7726F2FB2464706B00AD9C4A /* Frameworks */,
				7726F2FC2464706B00AD9C4A /* Resources */,
			);
			buildRules = (
			);
			dependencies = (
			);
			name = davaleba17;
			productName = davaleba17;
			productReference = 7726F2FE2464706B00AD9C4A /* davaleba17.app */;
			productType = "com.apple.product-type.application";
		};
/* End PBXNativeTarget section */

/* Begin PBXProject section */
		7726F2F62464706B00AD9C4A /* Project object */ = {
			isa = PBXProject;
			attributes = {
				LastSwiftUpdateCheck = 1140;
				LastUpgradeCheck = 1140;
				ORGANIZATIONNAME = Tbc;
				TargetAttributes = {
					7726F2FD2464706B00AD9C4A = {
						CreatedOnToolsVersion = 11.4.1;
					};
				};
			};
			buildConfigurationList = 7726F2F92464706B00AD9C4A /* Build configuration list for PBXProject "davaleba17" */;
			compatibilityVersion = "Xcode 9.3";
			developmentRegion = en;
			hasScannedForEncodings = 0;
			knownRegions = (
				en,
				Base,
			);
			mainGroup = 7726F2F52464706B00AD9C4A;
			productRefGroup = 7726F2FF2464706B00AD9C4A /* Products */;
			projectDirPath = "";
			projectRoot = "";
			targets = (
				7726F2FD2464706B00AD9C4A /* davaleba17 */,
			);
		};
/* End PBXProject section */

/* Begin PBXResourcesBuildPhase section */
		7726F2FC2464706B00AD9C4A /* Resources */ = {
			isa = PBXResourcesBuildPhase;
			buildActionMask = 2147483647;
			files = (
				7726F30E2464706C00AD9C4A /* LaunchScreen.storyboard in Resources */,
				7726F30B2464706C00AD9C4A /* Assets.xcassets in Resources */,
				7726F3092464706B00AD9C4A /* Main.storyboard in Resources */,
			);
			runOnlyForDeploymentPostprocessing = 0;
		};
/* End PBXResourcesBuildPhase section */

/* Begin PBXSourcesBuildPhase section */
		7726F2FA2464706B00AD9C4A /* Sources */ = {
			isa = PBXSourcesBuildPhase;
			buildActionMask = 2147483647;
			files = (
				7792B2F92464E7140000748D /* fullmessageViewController.swift in Sources */,
				7726F3062464706B00AD9C4A /* ViewController.swift in Sources */,
				7726F3022464706B00AD9C4A /* AppDelegate.swift in Sources */,
				7726F31A24647C1D00AD9C4A /* ChatsViewController.swift in Sources */,
				7792B2FB2464FF8A0000748D /* mytabbarViewController.swift in Sources */,
				7726F31824647C0F00AD9C4A /* CallsViewController.swift in Sources */,
				774DCA7E2464DEFB006571CC /* UDmanager.swift in Sources */,
				771211A724649FAD00969E28 /* newmessageViewController.swift in Sources */,
				7726F31E24647D5E00AD9C4A /* CallsTableViewCell.swift in Sources */,
				7726F3212464960700AD9C4A /* chatTableViewCell.swift in Sources */,
				7726F3042464706B00AD9C4A /* SceneDelegate.swift in Sources */,
				7726F31C24647C2900AD9C4A /* SettingsViewController.swift in Sources */,
			);
			runOnlyForDeploymentPostprocessing = 0;
		};
/* End PBXSourcesBuildPhase section */

/* Begin PBXVariantGroup section */
		7726F3072464706B00AD9C4A /* Main.storyboard */ = {
			isa = PBXVariantGroup;
			children = (
				7726F3082464706B00AD9C4A /* Base */,
			);
			name = Main.storyboard;
			sourceTree = "<group>";
		};
		7726F30C2464706C00AD9C4A /* LaunchScreen.storyboard */ = {
			isa = PBXVariantGroup;
			children = (
				7726F30D2464706C00AD9C4A /* Base */,
			);
			name = LaunchScreen.storyboard;
			sourceTree = "<group>";
		};
/* End PBXVariantGroup section */

/* Begin XCBuildConfiguration section */
		7726F3102464706C00AD9C4A /* Debug */ = {
			isa = XCBuildConfiguration;
			buildSettings = {
				ALWAYS_SEARCH_USER_PATHS = NO;
				CLANG_ANALYZER_NONNULL = YES;
				CLANG_ANALYZER_NUMBER_OBJECT_CONVERSION = YES_AGGRESSIVE;
				CLANG_CXX_LANGUAGE_STANDARD = "gnu++14";
				CLANG_CXX_LIBRARY = "libc++";
				CLANG_ENABLE_MODULES = YES;
				CLANG_ENABLE_OBJC_ARC = YES;
				CLANG_ENABLE_OBJC_WEAK = YES;
				CLANG_WARN_BLOCK_CAPTURE_AUTORELEASING = YES;
				CLANG_WARN_BOOL_CONVERSION = YES;
				CLANG_WARN_COMMA = YES;
				CLANG_WARN_CONSTANT_CONVERSION = YES;
				CLANG_WARN_DEPRECATED_OBJC_IMPLEMENTATIONS = YES;
				CLANG_WARN_DIRECT_OBJC_ISA_USAGE = YES_ERROR;
				CLANG_WARN_DOCUMENTATION_COMMENTS = YES;
				CLANG_WARN_EMPTY_BODY = YES;
				CLANG_WARN_ENUM_CONVERSION = YES;
				CLANG_WARN_INFINITE_RECURSION = YES;
				CLANG_WARN_INT_CONVERSION = YES;
				CLANG_WARN_NON_LITERAL_NULL_CONVERSION = YES;
				CLANG_WARN_OBJC_IMPLICIT_RETAIN_SELF = YES;
				CLANG_WARN_OBJC_LITERAL_CONVERSION = YES;
				CLANG_WARN_OBJC_ROOT_CLASS = YES_ERROR;
				CLANG_WARN_RANGE_LOOP_ANALYSIS = YES;
				CLANG_WARN_STRICT_PROTOTYPES = YES;
				CLANG_WARN_SUSPICIOUS_MOVE = YES;
				CLANG_WARN_UNGUARDED_AVAILABILITY = YES_AGGRESSIVE;
				CLANG_WARN_UNREACHABLE_CODE = YES;
				CLANG_WARN__DUPLICATE_METHOD_MATCH = YES;
				COPY_PHASE_STRIP = NO;
				DEBUG_INFORMATION_FORMAT = dwarf;
				ENABLE_STRICT_OBJC_MSGSEND = YES;
				ENABLE_TESTABILITY = YES;
				GCC_C_LANGUAGE_STANDARD = gnu11;
				GCC_DYNAMIC_NO_PIC = NO;
				GCC_NO_COMMON_BLOCKS = YES;
				GCC_OPTIMIZATION_LEVEL = 0;
				GCC_PREPROCESSOR_DEFINITIONS = (
					"DEBUG=1",
					"$(inherited)",
				);
				GCC_WARN_64_TO_32_BIT_CONVERSION = YES;
				GCC_WARN_ABOUT_RETURN_TYPE = YES_ERROR;
				GCC_WARN_UNDECLARED_SELECTOR = YES;
				GCC_WARN_UNINITIALIZED_AUTOS = YES_AGGRESSIVE;
				GCC_WARN_UNUSED_FUNCTION = YES;
				GCC_WARN_UNUSED_VARIABLE = YES;
				IPHONEOS_DEPLOYMENT_TARGET = 13.4;
				MTL_ENABLE_DEBUG_INFO = INCLUDE_SOURCE;
				MTL_FAST_MATH = YES;
				ONLY_ACTIVE_ARCH = YES;
				SDKROOT = iphoneos;
				SWIFT_ACTIVE_COMPILATION_CONDITIONS = DEBUG;
				SWIFT_OPTIMIZATION_LEVEL = "-Onone";
			};
			name = Debug;
		};
		7726F3112464706C00AD9C4A /* Release */ = {
			isa = XCBuildConfiguration;
			buildSettings = {
				ALWAYS_SEARCH_USER_PATHS = NO;
				CLANG_ANALYZER_NONNULL = YES;
				CLANG_ANALYZER_NUMBER_OBJECT_CONVERSION = YES_AGGRESSIVE;
				CLANG_CXX_LANGUAGE_STANDARD = "gnu++14";
				CLANG_CXX_LIBRARY = "libc++";
				CLANG_ENABLE_MODULES = YES;
				CLANG_ENABLE_OBJC_ARC = YES;
				CLANG_ENABLE_OBJC_WEAK = YES;
				CLANG_WARN_BLOCK_CAPTURE_AUTORELEASING = YES;
				CLANG_WARN_BOOL_CONVERSION = YES;
				CLANG_WARN_COMMA = YES;
				CLANG_WARN_CONSTANT_CONVERSION = YES;
				CLANG_WARN_DEPRECATED_OBJC_IMPLEMENTATIONS = YES;
				CLANG_WARN_DIRECT_OBJC_ISA_USAGE = YES_ERROR;
				CLANG_WARN_DOCUMENTATION_COMMENTS = YES;
				CLANG_WARN_EMPTY_BODY = YES;
				CLANG_WARN_ENUM_CONVERSION = YES;
				CLANG_WARN_INFINITE_RECURSION = YES;
				CLANG_WARN_INT_CONVERSION = YES;
				CLANG_WARN_NON_LITERAL_NULL_CONVERSION = YES;
				CLANG_WARN_OBJC_IMPLICIT_RETAIN_SELF = YES;
				CLANG_WARN_OBJC_LITERAL_CONVERSION = YES;
				CLANG_WARN_OBJC_ROOT_CLASS = YES_ERROR;
				CLANG_WARN_RANGE_LOOP_ANALYSIS = YES;
				CLANG_WARN_STRICT_PROTOTYPES = YES;
				CLANG_WARN_SUSPICIOUS_MOVE = YES;
				CLANG_WARN_UNGUARDED_AVAILABILITY = YES_AGGRESSIVE;
				CLANG_WARN_UNREACHABLE_CODE = YES;
				CLANG_WARN__DUPLICATE_METHOD_MATCH = YES;
				COPY_PHASE_STRIP = NO;
				DEBUG_INFORMATION_FORMAT = "dwarf-with-dsym";
				ENABLE_NS_ASSERTIONS = NO;
				ENABLE_STRICT_OBJC_MSGSEND = YES;
				GCC_C_LANGUAGE_STANDARD = gnu11;
				GCC_NO_COMMON_BLOCKS = YES;
				GCC_WARN_64_TO_32_BIT_CONVERSION = YES;
				GCC_WARN_ABOUT_RETURN_TYPE = YES_ERROR;
				GCC_WARN_UNDECLARED_SELECTOR = YES;
				GCC_WARN_UNINITIALIZED_AUTOS = YES_AGGRESSIVE;
				GCC_WARN_UNUSED_FUNCTION = YES;
				GCC_WARN_UNUSED_VARIABLE = YES;
				IPHONEOS_DEPLOYMENT_TARGET = 13.4;
				MTL_ENABLE_DEBUG_INFO = NO;
				MTL_FAST_MATH = YES;
				SDKROOT = iphoneos;
				SWIFT_COMPILATION_MODE = wholemodule;
				SWIFT_OPTIMIZATION_LEVEL = "-O";
				VALIDATE_PRODUCT = YES;
			};
			name = Release;
		};
		7726F3132464706C00AD9C4A /* Debug */ = {
			isa = XCBuildConfiguration;
			buildSettings = {
				ASSETCATALOG_COMPILER_APPICON_NAME = AppIcon;
				CODE_SIGN_STYLE = Automatic;
				INFOPLIST_FILE = davaleba17/Info.plist;
				LD_RUNPATH_SEARCH_PATHS = (
					"$(inherited)",
					"@executable_path/Frameworks",
				);
				PRODUCT_BUNDLE_IDENTIFIER = ge.tbcbank.davaleba17;
				PRODUCT_NAME = "$(TARGET_NAME)";
				SWIFT_VERSION = 5.0;
				TARGETED_DEVICE_FAMILY = "1,2";
			};
			name = Debug;
		};
		7726F3142464706C00AD9C4A /* Release */ = {
			isa = XCBuildConfiguration;
			buildSettings = {
				ASSETCATALOG_COMPILER_APPICON_NAME = AppIcon;
				CODE_SIGN_STYLE = Automatic;
				INFOPLIST_FILE = davaleba17/Info.plist;
				LD_RUNPATH_SEARCH_PATHS = (
					"$(inherited)",
					"@executable_path/Frameworks",
				);
				PRODUCT_BUNDLE_IDENTIFIER = ge.tbcbank.davaleba17;
				PRODUCT_NAME = "$(TARGET_NAME)";
				SWIFT_VERSION = 5.0;
				TARGETED_DEVICE_FAMILY = "1,2";
			};
			name = Release;
		};
/* End XCBuildConfiguration section */

/* Begin XCConfigurationList section */
		7726F2F92464706B00AD9C4A /* Build configuration list for PBXProject "davaleba17" */ = {
			isa = XCConfigurationList;
			buildConfigurations = (
				7726F3102464706C00AD9C4A /* Debug */,
				7726F3112464706C00AD9C4A /* Release */,
			);
			defaultConfigurationIsVisible = 0;
			defaultConfigurationName = Release;
		};
		7726F3122464706C00AD9C4A /* Build configuration list for PBXNativeTarget "davaleba17" */ = {
			isa = XCConfigurationList;
			buildConfigurations = (
				7726F3132464706C00AD9C4A /* Debug */,
				7726F3142464706C00AD9C4A /* Release */,
			);
			defaultConfigurationIsVisible = 0;
			defaultConfigurationName = Release;
		};
/* End XCConfigurationList section */
	};
	rootObject = 7726F2F62464706B00AD9C4A /* Project object */;
}
